
Microsoft Visual Studio Solution File, Format Version 12.00
# Visual Studio Version 16
VisualStudioVersion = 16.0.30317.65
MinimumVisualStudioVersion = 10.0.40219.1
Project("{9A19103F-16F7-4668-BE54-9A1E7A4F7556}") = "SparkAuto", "SparkAuto\SparkAuto.csproj", "{FFAD5FC3-08B2-4511-80A5-CFF1A969F157}"
EndProject
Global
	GlobalSection(SolutionConfigurationPlatforms) = preSolution
		Debug|Any CPU = Debug|Any CPU
		Release|Any CPU = Release|Any CPU
	EndGlobalSection
	GlobalSection(ProjectConfigurationPlatforms) = postSolution
		{FFAD5FC3-08B2-4511-80A5-CFF1A969F157}.Debug|Any CPU.ActiveCfg = Debug|Any CPU
		{FFAD5FC3-08B2-4511-80A5-CFF1A969F157}.Debug|Any CPU.Build.0 = Debug|Any CPU
		{FFAD5FC3-08B2-4511-80A5-CFF1A969F157}.Release|Any CPU.ActiveCfg = Release|Any CPU
		{FFAD5FC3-08B2-4511-80A5-CFF1A969F157}.Release|Any CPU.Build.0 = Release|Any CPU
	EndGlobalSection
	GlobalSection(SolutionProperties) = preSolution
		HideSolutionNode = FALSE
	EndGlobalSection
	GlobalSection(ExtensibilityGlobals) = postSolution
		SolutionGuid = {BAA14387-5C10-4831-B98A-AAA43FBB31A6}
	EndGlobalSection
EndGlobal
